// !$*UTF8*$!
{
	archiveVersion = 1;
	classes = {
	};
	objectVersion = 48;
	objects = {

/* Begin PBXBuildFile section */
		8309C44920A2946800C6D721 /* AppDelegate.swift in Sources */ = {isa = PBXBuildFile; fileRef = 8309C44820A2946800C6D721 /* AppDelegate.swift */; };
		8309C44E20A2946800C6D721 /* Main.storyboard in Resources */ = {isa = PBXBuildFile; fileRef = 8309C44C20A2946800C6D721 /* Main.storyboard */; };
		8309C45020A2946800C6D721 /* Assets.xcassets in Resources */ = {isa = PBXBuildFile; fileRef = 8309C44F20A2946800C6D721 /* Assets.xcassets */; };
		8309C45320A2946800C6D721 /* LaunchScreen.storyboard in Resources */ = {isa = PBXBuildFile; fileRef = 8309C45120A2946800C6D721 /* LaunchScreen.storyboard */; };
		B4880FE079159604E19862DF /* Pods_motovoy.framework in Frameworks */ = {isa = PBXBuildFile; fileRef = 8BA6D36DD4A7C96499A01999 /* Pods_motovoy.framework */; };
		B9093A1E20A2A43E001DF9B2 /* CustomerAddressModel.swift in Sources */ = {isa = PBXBuildFile; fileRef = B9093A1D20A2A43E001DF9B2 /* CustomerAddressModel.swift */; };
		B9093A2320A2A683001DF9B2 /* LoginViewController.swift in Sources */ = {isa = PBXBuildFile; fileRef = B9093A2220A2A683001DF9B2 /* LoginViewController.swift */; };
		B9093A2620A2A6AC001DF9B2 /* APIManager.swift in Sources */ = {isa = PBXBuildFile; fileRef = B9093A2520A2A6AC001DF9B2 /* APIManager.swift */; };
		B9093A2820A2A911001DF9B2 /* LocalMappable.swift in Sources */ = {isa = PBXBuildFile; fileRef = B9093A2720A2A911001DF9B2 /* LocalMappable.swift */; };
/* End PBXBuildFile section */

/* Begin PBXFileReference section */
		8309C44520A2946800C6D721 /* motovoy.app */ = {isa = PBXFileReference; explicitFileType = wrapper.application; includeInIndex = 0; path = motovoy.app; sourceTree = BUILT_PRODUCTS_DIR; };
		8309C44820A2946800C6D721 /* AppDelegate.swift */ = {isa = PBXFileReference; lastKnownFileType = sourcecode.swift; path = AppDelegate.swift; sourceTree = "<group>"; };
		8309C44D20A2946800C6D721 /* Base */ = {isa = PBXFileReference; lastKnownFileType = file.storyboard; name = Base; path = Base.lproj/Main.storyboard; sourceTree = "<group>"; };
		8309C44F20A2946800C6D721 /* Assets.xcassets */ = {isa = PBXFileReference; lastKnownFileType = folder.assetcatalog; path = Assets.xcassets; sourceTree = "<group>"; };
		8309C45220A2946800C6D721 /* Base */ = {isa = PBXFileReference; lastKnownFileType = file.storyboard; name = Base; path = Base.lproj/LaunchScreen.storyboard; sourceTree = "<group>"; };
		8309C45420A2946800C6D721 /* Info.plist */ = {isa = PBXFileReference; lastKnownFileType = text.plist.xml; path = Info.plist; sourceTree = "<group>"; };
		8BA6D36DD4A7C96499A01999 /* Pods_motovoy.framework */ = {isa = PBXFileReference; explicitFileType = wrapper.framework; includeInIndex = 0; path = Pods_motovoy.framework; sourceTree = BUILT_PRODUCTS_DIR; };
		B9093A1D20A2A43E001DF9B2 /* CustomerAddressModel.swift */ = {isa = PBXFileReference; lastKnownFileType = sourcecode.swift; path = CustomerAddressModel.swift; sourceTree = "<group>"; };
		B9093A2220A2A683001DF9B2 /* LoginViewController.swift */ = {isa = PBXFileReference; lastKnownFileType = sourcecode.swift; path = LoginViewController.swift; sourceTree = "<group>"; };
		B9093A2520A2A6AC001DF9B2 /* APIManager.swift */ = {isa = PBXFileReference; lastKnownFileType = sourcecode.swift; path = APIManager.swift; sourceTree = "<group>"; };
		B9093A2720A2A911001DF9B2 /* LocalMappable.swift */ = {isa = PBXFileReference; lastKnownFileType = sourcecode.swift; path = LocalMappable.swift; sourceTree = "<group>"; };
		C140E38354689D155919E370 /* Pods-motovoy.debug.xcconfig */ = {isa = PBXFileReference; includeInIndex = 1; lastKnownFileType = text.xcconfig; name = "Pods-motovoy.debug.xcconfig"; path = "Pods/Target Support Files/Pods-motovoy/Pods-motovoy.debug.xcconfig"; sourceTree = "<group>"; };
		F2DB45D4B8187B125B1108D4 /* Pods-motovoy.release.xcconfig */ = {isa = PBXFileReference; includeInIndex = 1; lastKnownFileType = text.xcconfig; name = "Pods-motovoy.release.xcconfig"; path = "Pods/Target Support Files/Pods-motovoy/Pods-motovoy.release.xcconfig"; sourceTree = "<group>"; };
/* End PBXFileReference section */

/* Begin PBXFrameworksBuildPhase section */
		8309C44220A2946800C6D721 /* Frameworks */ = {
			isa = PBXFrameworksBuildPhase;
			buildActionMask = 2147483647;
			files = (
				B4880FE079159604E19862DF /* Pods_motovoy.framework in Frameworks */,
			);
			runOnlyForDeploymentPostprocessing = 0;
		};
/* End PBXFrameworksBuildPhase section */

/* Begin PBXGroup section */
		8309C43C20A2946700C6D721 = {
			isa = PBXGroup;
			children = (
				8309C44720A2946800C6D721 /* motovoy */,
				8309C44620A2946800C6D721 /* Products */,
				8C43B3A23D93D6B20315AAC9 /* Pods */,
				DB61EE5495CF11EB75585C76 /* Frameworks */,
			);
			sourceTree = "<group>";
		};
		8309C44620A2946800C6D721 /* Products */ = {
			isa = PBXGroup;
			children = (
				8309C44520A2946800C6D721 /* motovoy.app */,
			);
			name = Products;
			sourceTree = "<group>";
		};
		8309C44720A2946800C6D721 /* motovoy */ = {
			isa = PBXGroup;
			children = (
				B9093A2020A2A667001DF9B2 /* Sections */,
				B98DA0EC20A295BC000E3AAE /* Views */,
				B9093A1C20A29D67001DF9B2 /* Models */,
				B9093A2420A2A694001DF9B2 /* Services */,
				B98DA0EE20A295E0000E3AAE /* Resources */,
			);
			path = motovoy;
			sourceTree = "<group>";
		};
		8C43B3A23D93D6B20315AAC9 /* Pods */ = {
			isa = PBXGroup;
			children = (
				C140E38354689D155919E370 /* Pods-motovoy.debug.xcconfig */,
				F2DB45D4B8187B125B1108D4 /* Pods-motovoy.release.xcconfig */,
			);
			name = Pods;
			sourceTree = "<group>";
		};
		B9093A1C20A29D67001DF9B2 /* Models */ = {
			isa = PBXGroup;
			children = (
				B9093A2720A2A911001DF9B2 /* LocalMappable.swift */,
				B9093A1F20A2A45D001DF9B2 /* Customer */,
			);
			path = Models;
			sourceTree = "<group>";
		};
		B9093A1F20A2A45D001DF9B2 /* Customer */ = {
			isa = PBXGroup;
			children = (
				B9093A1D20A2A43E001DF9B2 /* CustomerAddressModel.swift */,
			);
			path = Customer;
			sourceTree = "<group>";
		};
		B9093A2020A2A667001DF9B2 /* Sections */ = {
			isa = PBXGroup;
			children = (
				B9093A2120A2A66E001DF9B2 /* Login */,
			);
			path = Sections;
			sourceTree = "<group>";
		};
		B9093A2120A2A66E001DF9B2 /* Login */ = {
			isa = PBXGroup;
			children = (
				B9093A2220A2A683001DF9B2 /* LoginViewController.swift */,
			);
			path = Login;
			sourceTree = "<group>";
		};
		B9093A2420A2A694001DF9B2 /* Services */ = {
			isa = PBXGroup;
			children = (
				B9093A2520A2A6AC001DF9B2 /* APIManager.swift */,
			);
			path = Services;
			sourceTree = "<group>";
		};
		B98DA0EC20A295BC000E3AAE /* Views */ = {
			isa = PBXGroup;
			children = (
				8309C44C20A2946800C6D721 /* Main.storyboard */,
				8309C45120A2946800C6D721 /* LaunchScreen.storyboard */,
			);
			path = Views;
			sourceTree = "<group>";
		};
		B98DA0EE20A295E0000E3AAE /* Resources */ = {
			isa = PBXGroup;
			children = (
				8309C44820A2946800C6D721 /* AppDelegate.swift */,
				8309C44F20A2946800C6D721 /* Assets.xcassets */,
				8309C45420A2946800C6D721 /* Info.plist */,
			);
			path = Resources;
			sourceTree = "<group>";
		};
		DB61EE5495CF11EB75585C76 /* Frameworks */ = {
			isa = PBXGroup;
			children = (
				8BA6D36DD4A7C96499A01999 /* Pods_motovoy.framework */,
			);
			name = Frameworks;
			sourceTree = "<group>";
		};
/* End PBXGroup section */

/* Begin PBXNativeTarget section */
		8309C44420A2946800C6D721 /* motovoy */ = {
			isa = PBXNativeTarget;
			buildConfigurationList = 8309C45720A2946800C6D721 /* Build configuration list for PBXNativeTarget "motovoy" */;
			buildPhases = (
				B9662332ECF798AD63B4AC3B /* [CP] Check Pods Manifest.lock */,
				8309C44120A2946800C6D721 /* Sources */,
				8309C44220A2946800C6D721 /* Frameworks */,
				8309C44320A2946800C6D721 /* Resources */,
				C08EB29D6DA5922BC270BB1C /* [CP] Embed Pods Frameworks */,
				64A31AF5BE9B125A5561310F /* [CP] Copy Pods Resources */,
			);
			buildRules = (
			);
			dependencies = (
			);
			name = motovoy;
			productName = motovoy;
			productReference = 8309C44520A2946800C6D721 /* motovoy.app */;
			productType = "com.apple.product-type.application";
		};
/* End PBXNativeTarget section */

/* Begin PBXProject section */
		8309C43D20A2946700C6D721 /* Project object */ = {
			isa = PBXProject;
			attributes = {
				LastSwiftUpdateCheck = 0920;
				LastUpgradeCheck = 0920;
				ORGANIZATIONNAME = Nextdots;
				TargetAttributes = {
					8309C44420A2946800C6D721 = {
						CreatedOnToolsVersion = 9.2;
						ProvisioningStyle = Automatic;
					};
				};
			};
			buildConfigurationList = 8309C44020A2946700C6D721 /* Build configuration list for PBXProject "Motovoy" */;
			compatibilityVersion = "Xcode 8.0";
			developmentRegion = en;
			hasScannedForEncodings = 0;
			knownRegions = (
				en,
				Base,
			);
			mainGroup = 8309C43C20A2946700C6D721;
			productRefGroup = 8309C44620A2946800C6D721 /* Products */;
			projectDirPath = "";
			projectRoot = "";
			targets = (
				8309C44420A2946800C6D721 /* motovoy */,
			);
		};
/* End PBXProject section */

/* Begin PBXResourcesBuildPhase section */
		8309C44320A2946800C6D721 /* Resources */ = {
			isa = PBXResourcesBuildPhase;
			buildActionMask = 2147483647;
			files = (
				8309C45320A2946800C6D721 /* LaunchScreen.storyboard in Resources */,
				8309C45020A2946800C6D721 /* Assets.xcassets in Resources */,
				8309C44E20A2946800C6D721 /* Main.storyboard in Resources */,
			);
			runOnlyForDeploymentPostprocessing = 0;
		};
/* End PBXResourcesBuildPhase section */

/* Begin PBXShellScriptBuildPhase section */
		64A31AF5BE9B125A5561310F /* [CP] Copy Pods Resources */ = {
			isa = PBXShellScriptBuildPhase;
			buildActionMask = 2147483647;
			files = (
			);
			inputPaths = (
			);
			name = "[CP] Copy Pods Resources";
			outputPaths = (
			);
			runOnlyForDeploymentPostprocessing = 0;
			shellPath = /bin/sh;
			shellScript = "\"${SRCROOT}/Pods/Target Support Files/Pods-motovoy/Pods-motovoy-resources.sh\"\n";
			showEnvVarsInLog = 0;
		};
		B9662332ECF798AD63B4AC3B /* [CP] Check Pods Manifest.lock */ = {
			isa = PBXShellScriptBuildPhase;
			buildActionMask = 2147483647;
			files = (
			);
			inputPaths = (
				"${PODS_PODFILE_DIR_PATH}/Podfile.lock",
				"${PODS_ROOT}/Manifest.lock",
			);
			name = "[CP] Check Pods Manifest.lock";
			outputPaths = (
				"$(DERIVED_FILE_DIR)/Pods-motovoy-checkManifestLockResult.txt",
			);
			runOnlyForDeploymentPostprocessing = 0;
			shellPath = /bin/sh;
			shellScript = "diff \"${PODS_PODFILE_DIR_PATH}/Podfile.lock\" \"${PODS_ROOT}/Manifest.lock\" > /dev/null\nif [ $? != 0 ] ; then\n    # print error to STDERR\n    echo \"error: The sandbox is not in sync with the Podfile.lock. Run 'pod install' or update your CocoaPods installation.\" >&2\n    exit 1\nfi\n# This output is used by Xcode 'outputs' to avoid re-running this script phase.\necho \"SUCCESS\" > \"${SCRIPT_OUTPUT_FILE_0}\"\n";
			showEnvVarsInLog = 0;
		};
		C08EB29D6DA5922BC270BB1C /* [CP] Embed Pods Frameworks */ = {
			isa = PBXShellScriptBuildPhase;
			buildActionMask = 2147483647;
			files = (
			);
			inputPaths = (
				"${SRCROOT}/Pods/Target Support Files/Pods-motovoy/Pods-motovoy-frameworks.sh",
				"${BUILT_PRODUCTS_DIR}/Alamofire/Alamofire.framework",
			);
			name = "[CP] Embed Pods Frameworks";
			outputPaths = (
				"${TARGET_BUILD_DIR}/${FRAMEWORKS_FOLDER_PATH}/Alamofire.framework",
			);
			runOnlyForDeploymentPostprocessing = 0;
			shellPath = /bin/sh;
			shellScript = "\"${SRCROOT}/Pods/Target Support Files/Pods-motovoy/Pods-motovoy-frameworks.sh\"\n";
			showEnvVarsInLog = 0;
		};
/* End PBXShellScriptBuildPhase section */

/* Begin PBXSourcesBuildPhase section */
		8309C44120A2946800C6D721 /* Sources */ = {
			isa = PBXSourcesBuildPhase;
			buildActionMask = 2147483647;
			files = (
				B9093A2620A2A6AC001DF9B2 /* APIManager.swift in Sources */,
				B9093A2320A2A683001DF9B2 /* LoginViewController.swift in Sources */,
				B9093A1E20A2A43E001DF9B2 /* CustomerAddressModel.swift in Sources */,
				B9093A2820A2A911001DF9B2 /* LocalMappable.swift in Sources */,
				8309C44920A2946800C6D721 /* AppDelegate.swift in Sources */,
			);
			runOnlyForDeploymentPostprocessing = 0;
		};
/* End PBXSourcesBuildPhase section */

/* Begin PBXVariantGroup section */
		8309C44C20A2946800C6D721 /* Main.storyboard */ = {
			isa = PBXVariantGroup;
			children = (
				8309C44D20A2946800C6D721 /* Base */,
			);
			name = Main.storyboard;
			sourceTree = "<group>";
		};
		8309C45120A2946800C6D721 /* LaunchScreen.storyboard */ = {
			isa = PBXVariantGroup;
			children = (
				8309C45220A2946800C6D721 /* Base */,
			);
			name = LaunchScreen.storyboard;
			sourceTree = "<group>";
		};
/* End PBXVariantGroup section */

/* Begin XCBuildConfiguration section */
		8309C45520A2946800C6D721 /* Debug */ = {
			isa = XCBuildConfiguration;
			buildSettings = {
				ALWAYS_SEARCH_USER_PATHS = NO;
				CLANG_ANALYZER_NONNULL = YES;
				CLANG_ANALYZER_NUMBER_OBJECT_CONVERSION = YES_AGGRESSIVE;
				CLANG_CXX_LANGUAGE_STANDARD = "gnu++14";
				CLANG_CXX_LIBRARY = "libc++";
				CLANG_ENABLE_MODULES = YES;
				CLANG_ENABLE_OBJC_ARC = YES;
				CLANG_WARN_BLOCK_CAPTURE_AUTORELEASING = YES;
				CLANG_WARN_BOOL_CONVERSION = YES;
				CLANG_WARN_COMMA = YES;
				CLANG_WARN_CONSTANT_CONVERSION = YES;
				CLANG_WARN_DIRECT_OBJC_ISA_USAGE = YES_ERROR;
				CLANG_WARN_DOCUMENTATION_COMMENTS = YES;
				CLANG_WARN_EMPTY_BODY = YES;
				CLANG_WARN_ENUM_CONVERSION = YES;
				CLANG_WARN_INFINITE_RECURSION = YES;
				CLANG_WARN_INT_CONVERSION = YES;
				CLANG_WARN_NON_LITERAL_NULL_CONVERSION = YES;
				CLANG_WARN_OBJC_LITERAL_CONVERSION = YES;
				CLANG_WARN_OBJC_ROOT_CLASS = YES_ERROR;
				CLANG_WARN_RANGE_LOOP_ANALYSIS = YES;
				CLANG_WARN_STRICT_PROTOTYPES = YES;
				CLANG_WARN_SUSPICIOUS_MOVE = YES;
				CLANG_WARN_UNGUARDED_AVAILABILITY = YES_AGGRESSIVE;
				CLANG_WARN_UNREACHABLE_CODE = YES;
				CLANG_WARN__DUPLICATE_METHOD_MATCH = YES;
				CODE_SIGN_IDENTITY = "iPhone Developer";
				COPY_PHASE_STRIP = NO;
				DEBUG_INFORMATION_FORMAT = dwarf;
				ENABLE_STRICT_OBJC_MSGSEND = YES;
				ENABLE_TESTABILITY = YES;
				GCC_C_LANGUAGE_STANDARD = gnu11;
				GCC_DYNAMIC_NO_PIC = NO;
				GCC_NO_COMMON_BLOCKS = YES;
				GCC_OPTIMIZATION_LEVEL = 0;
				GCC_PREPROCESSOR_DEFINITIONS = (
					"DEBUG=1",
					"$(inherited)",
				);
				GCC_WARN_64_TO_32_BIT_CONVERSION = YES;
				GCC_WARN_ABOUT_RETURN_TYPE = YES_ERROR;
				GCC_WARN_UNDECLARED_SELECTOR = YES;
				GCC_WARN_UNINITIALIZED_AUTOS = YES_AGGRESSIVE;
				GCC_WARN_UNUSED_FUNCTION = YES;
				GCC_WARN_UNUSED_VARIABLE = YES;
				IPHONEOS_DEPLOYMENT_TARGET = 11.2;
				MTL_ENABLE_DEBUG_INFO = YES;
				ONLY_ACTIVE_ARCH = YES;
				SDKROOT = iphoneos;
				SWIFT_ACTIVE_COMPILATION_CONDITIONS = DEBUG;
				SWIFT_OPTIMIZATION_LEVEL = "-Onone";
			};
			name = Debug;
		};
		8309C45620A2946800C6D721 /* Release */ = {
			isa = XCBuildConfiguration;
			buildSettings = {
				ALWAYS_SEARCH_USER_PATHS = NO;
				CLANG_ANALYZER_NONNULL = YES;
				CLANG_ANALYZER_NUMBER_OBJECT_CONVERSION = YES_AGGRESSIVE;
				CLANG_CXX_LANGUAGE_STANDARD = "gnu++14";
				CLANG_CXX_LIBRARY = "libc++";
				CLANG_ENABLE_MODULES = YES;
				CLANG_ENABLE_OBJC_ARC = YES;
				CLANG_WARN_BLOCK_CAPTURE_AUTORELEASING = YES;
				CLANG_WARN_BOOL_CONVERSION = YES;
				CLANG_WARN_COMMA = YES;
				CLANG_WARN_CONSTANT_CONVERSION = YES;
				CLANG_WARN_DIRECT_OBJC_ISA_USAGE = YES_ERROR;
				CLANG_WARN_DOCUMENTATION_COMMENTS = YES;
				CLANG_WARN_EMPTY_BODY = YES;
				CLANG_WARN_ENUM_CONVERSION = YES;
				CLANG_WARN_INFINITE_RECURSION = YES;
				CLANG_WARN_INT_CONVERSION = YES;
				CLANG_WARN_NON_LITERAL_NULL_CONVERSION = YES;
				CLANG_WARN_OBJC_LITERAL_CONVERSION = YES;
				CLANG_WARN_OBJC_ROOT_CLASS = YES_ERROR;
				CLANG_WARN_RANGE_LOOP_ANALYSIS = YES;
				CLANG_WARN_STRICT_PROTOTYPES = YES;
				CLANG_WARN_SUSPICIOUS_MOVE = YES;
				CLANG_WARN_UNGUARDED_AVAILABILITY = YES_AGGRESSIVE;
				CLANG_WARN_UNREACHABLE_CODE = YES;
				CLANG_WARN__DUPLICATE_METHOD_MATCH = YES;
				CODE_SIGN_IDENTITY = "iPhone Developer";
				COPY_PHASE_STRIP = NO;
				DEBUG_INFORMATION_FORMAT = "dwarf-with-dsym";
				ENABLE_NS_ASSERTIONS = NO;
				ENABLE_STRICT_OBJC_MSGSEND = YES;
				GCC_C_LANGUAGE_STANDARD = gnu11;
				GCC_NO_COMMON_BLOCKS = YES;
				GCC_WARN_64_TO_32_BIT_CONVERSION = YES;
				GCC_WARN_ABOUT_RETURN_TYPE = YES_ERROR;
				GCC_WARN_UNDECLARED_SELECTOR = YES;
				GCC_WARN_UNINITIALIZED_AUTOS = YES_AGGRESSIVE;
				GCC_WARN_UNUSED_FUNCTION = YES;
				GCC_WARN_UNUSED_VARIABLE = YES;
				IPHONEOS_DEPLOYMENT_TARGET = 11.2;
				MTL_ENABLE_DEBUG_INFO = NO;
				SDKROOT = iphoneos;
				SWIFT_OPTIMIZATION_LEVEL = "-Owholemodule";
				VALIDATE_PRODUCT = YES;
			};
			name = Release;
		};
		8309C45820A2946800C6D721 /* Debug */ = {
			isa = XCBuildConfiguration;
			baseConfigurationReference = C140E38354689D155919E370 /* Pods-motovoy.debug.xcconfig */;
			buildSettings = {
				ASSETCATALOG_COMPILER_APPICON_NAME = AppIcon;
				CODE_SIGN_STYLE = Automatic;
				DEVELOPMENT_TEAM = 264Z4X7CV7;
				INFOPLIST_FILE = "$(SRCROOT)/motovoy/Resources/Info.plist";
				LD_RUNPATH_SEARCH_PATHS = "$(inherited) @executable_path/Frameworks";
				PRODUCT_BUNDLE_IDENTIFIER = "com.nextdots.motovoy-";
				PRODUCT_NAME = "$(TARGET_NAME)";
				SWIFT_VERSION = 4.0;
				TARGETED_DEVICE_FAMILY = "1,2";
			};
			name = Debug;
		};
		8309C45920A2946800C6D721 /* Release */ = {
			isa = XCBuildConfiguration;
			baseConfigurationReference = F2DB45D4B8187B125B1108D4 /* Pods-motovoy.release.xcconfig */;
			buildSettings = {
				ASSETCATALOG_COMPILER_APPICON_NAME = AppIcon;
				CODE_SIGN_STYLE = Automatic;
				DEVELOPMENT_TEAM = 264Z4X7CV7;
				INFOPLIST_FILE = "$(SRCROOT)/motovoy/Resources/Info.plist";
				LD_RUNPATH_SEARCH_PATHS = "$(inherited) @executable_path/Frameworks";
				PRODUCT_BUNDLE_IDENTIFIER = "com.nextdots.motovoy-";
				PRODUCT_NAME = "$(TARGET_NAME)";
				SWIFT_VERSION = 4.0;
				TARGETED_DEVICE_FAMILY = "1,2";
			};
			name = Release;
		};
/* End XCBuildConfiguration section */

/* Begin XCConfigurationList section */
		8309C44020A2946700C6D721 /* Build configuration list for PBXProject "Motovoy" */ = {
			isa = XCConfigurationList;
			buildConfigurations = (
				8309C45520A2946800C6D721 /* Debug */,
				8309C45620A2946800C6D721 /* Release */,
			);
			defaultConfigurationIsVisible = 0;
			defaultConfigurationName = Release;
		};
		8309C45720A2946800C6D721 /* Build configuration list for PBXNativeTarget "motovoy" */ = {
			isa = XCConfigurationList;
			buildConfigurations = (
				8309C45820A2946800C6D721 /* Debug */,
				8309C45920A2946800C6D721 /* Release */,
			);
			defaultConfigurationIsVisible = 0;
			defaultConfigurationName = Release;
		};
/* End XCConfigurationList section */
	};
	rootObject = 8309C43D20A2946700C6D721 /* Project object */;
}
